
Microsoft Visual Studio Solution File, Format Version 12.00
# Visual Studio 15
VisualStudioVersion = 15.0.28307.136
MinimumVisualStudioVersion = 10.0.40219.1
Project("{FAE04EC0-301F-11D3-BF4B-00C04F79EFBC}") = "GitHubSetUp", "GitHubSetUp\GitHubSetUp.csproj", "{30FCA411-2194-4DFE-BA4D-D5B1B24AEEDA}"
EndProject
Global
	GlobalSection(SolutionConfigurationPlatforms) = preSolution
		Debug|Any CPU = Debug|Any CPU
		Release|Any CPU = Release|Any CPU
	EndGlobalSection
	GlobalSection(ProjectConfigurationPlatforms) = postSolution
		{30FCA411-2194-4DFE-BA4D-D5B1B24AEEDA}.Debug|Any CPU.ActiveCfg = Debug|Any CPU
		{30FCA411-2194-4DFE-BA4D-D5B1B24AEEDA}.Debug|Any CPU.Build.0 = Debug|Any CPU
		{30FCA411-2194-4DFE-BA4D-D5B1B24AEEDA}.Release|Any CPU.ActiveCfg = Release|Any CPU
		{30FCA411-2194-4DFE-BA4D-D5B1B24AEEDA}.Release|Any CPU.Build.0 = Release|Any CPU
	EndGlobalSection
	GlobalSection(SolutionProperties) = preSolution
		HideSolutionNode = FALSE
	EndGlobalSection
	GlobalSection(ExtensibilityGlobals) = postSolution
		SolutionGuid = {3F47D09F-82BA-459C-ADAA-01C28EF0D5B6}
	EndGlobalSection
EndGlobal
